
Microsoft Visual Studio Solution File, Format Version 12.00
# Visual Studio Version 17
VisualStudioVersion = 17.7.34031.279
MinimumVisualStudioVersion = 10.0.40219.1
Project("{FAE04EC0-301F-11D3-BF4B-00C04F79EFBC}") = "lab1-2Fomichev", "lab1-2Fomichev\lab1-2Fomichev.csproj", "{A799B87F-E441-418D-B899-1BB600223811}"
EndProject
Global
	GlobalSection(SolutionConfigurationPlatforms) = preSolution
		Debug|Any CPU = Debug|Any CPU
		Release|Any CPU = Release|Any CPU
	EndGlobalSection
	GlobalSection(ProjectConfigurationPlatforms) = postSolution
		{A799B87F-E441-418D-B899-1BB600223811}.Debug|Any CPU.ActiveCfg = Debug|Any CPU
		{A799B87F-E441-418D-B899-1BB600223811}.Debug|Any CPU.Build.0 = Debug|Any CPU
		{A799B87F-E441-418D-B899-1BB600223811}.Release|Any CPU.ActiveCfg = Release|Any CPU
		{A799B87F-E441-418D-B899-1BB600223811}.Release|Any CPU.Build.0 = Release|Any CPU
	EndGlobalSection
	GlobalSection(SolutionProperties) = preSolution
		HideSolutionNode = FALSE
	EndGlobalSection
	GlobalSection(ExtensibilityGlobals) = postSolution
		SolutionGuid = {FF6A0803-130A-46C7-B93D-F1E322BCA14A}
	EndGlobalSection
EndGlobal
